
Microsoft Visual Studio Solution File, Format Version 12.00
# Visual Studio Version 17
VisualStudioVersion = 17.14.36301.6 d17.14
MinimumVisualStudioVersion = 10.0.40219.1
Project("{FAE04EC0-301F-11D3-BF4B-00C04F79EFBC}") = "BlazorAppStandalone", "BlazorAppStandalone\BlazorAppStandalone.csproj", "{888A8DAD-7BE3-4B84-A897-DF2FFAA9A78D}"
EndProject
Global
	GlobalSection(SolutionConfigurationPlatforms) = preSolution
		Debug|Any CPU = Debug|Any CPU
		Release|Any CPU = Release|Any CPU
	EndGlobalSection
	GlobalSection(ProjectConfigurationPlatforms) = postSolution
		{888A8DAD-7BE3-4B84-A897-DF2FFAA9A78D}.Debug|Any CPU.ActiveCfg = Debug|Any CPU
		{888A8DAD-7BE3-4B84-A897-DF2FFAA9A78D}.Debug|Any CPU.Build.0 = Debug|Any CPU
		{888A8DAD-7BE3-4B84-A897-DF2FFAA9A78D}.Release|Any CPU.ActiveCfg = Release|Any CPU
		{888A8DAD-7BE3-4B84-A897-DF2FFAA9A78D}.Release|Any CPU.Build.0 = Release|Any CPU
	EndGlobalSection
	GlobalSection(SolutionProperties) = preSolution
		HideSolutionNode = FALSE
	EndGlobalSection
	GlobalSection(ExtensibilityGlobals) = postSolution
		SolutionGuid = {B67962EF-2C8C-41EF-A917-E0C6CDCFA02B}
	EndGlobalSection
EndGlobal
